
Microsoft Visual Studio Solution File, Format Version 12.00
# Visual Studio Version 17
VisualStudioVersion = 17.13.35818.85 d17.13
MinimumVisualStudioVersion = 10.0.40219.1
Project("{FAE04EC0-301F-11D3-BF4B-00C04F79EFBC}") = "Faturamento", "Faturamento\Faturamento.csproj", "{897DF378-D294-483D-9109-AC68E80D9480}"
EndProject
Global
	GlobalSection(SolutionConfigurationPlatforms) = preSolution
		Debug|Any CPU = Debug|Any CPU
		Release|Any CPU = Release|Any CPU
	EndGlobalSection
	GlobalSection(ProjectConfigurationPlatforms) = postSolution
		{897DF378-D294-483D-9109-AC68E80D9480}.Debug|Any CPU.ActiveCfg = Debug|Any CPU
		{897DF378-D294-483D-9109-AC68E80D9480}.Debug|Any CPU.Build.0 = Debug|Any CPU
		{897DF378-D294-483D-9109-AC68E80D9480}.Release|Any CPU.ActiveCfg = Release|Any CPU
		{897DF378-D294-483D-9109-AC68E80D9480}.Release|Any CPU.Build.0 = Release|Any CPU
	EndGlobalSection
	GlobalSection(SolutionProperties) = preSolution
		HideSolutionNode = FALSE
	EndGlobalSection
	GlobalSection(ExtensibilityGlobals) = postSolution
		SolutionGuid = {CD2521DA-684A-448C-93B0-7E897D7B64DE}
	EndGlobalSection
EndGlobal
